
Microsoft Visual Studio Solution File, Format Version 12.00
# Visual Studio Version 17
VisualStudioVersion = 17.14.36623.8
MinimumVisualStudioVersion = 10.0.40219.1
Project("{FAE04EC0-301F-11D3-BF4B-00C04F79EFBC}") = "WebLaptopBE", "WebLaptopBE\WebLaptopBE.csproj", "{CD92C32C-0B5F-471E-A0FA-7163F201D45E}"
EndProject
Project("{FAE04EC0-301F-11D3-BF4B-00C04F79EFBC}") = "WebLaptopFE", "WebLaptopFE\WebLaptopFE.csproj", "{7FF22051-65D7-B48B-CC0D-E6960D47E13D}"
EndProject
Global
	GlobalSection(SolutionConfigurationPlatforms) = preSolution
		Debug|Any CPU = Debug|Any CPU
		Release|Any CPU = Release|Any CPU
	EndGlobalSection
	GlobalSection(ProjectConfigurationPlatforms) = postSolution
		{CD92C32C-0B5F-471E-A0FA-7163F201D45E}.Debug|Any CPU.ActiveCfg = Debug|Any CPU
		{CD92C32C-0B5F-471E-A0FA-7163F201D45E}.Debug|Any CPU.Build.0 = Debug|Any CPU
		{CD92C32C-0B5F-471E-A0FA-7163F201D45E}.Release|Any CPU.ActiveCfg = Release|Any CPU
		{CD92C32C-0B5F-471E-A0FA-7163F201D45E}.Release|Any CPU.Build.0 = Release|Any CPU
		{7FF22051-65D7-B48B-CC0D-E6960D47E13D}.Debug|Any CPU.ActiveCfg = Debug|Any CPU
		{7FF22051-65D7-B48B-CC0D-E6960D47E13D}.Debug|Any CPU.Build.0 = Debug|Any CPU
		{7FF22051-65D7-B48B-CC0D-E6960D47E13D}.Release|Any CPU.ActiveCfg = Release|Any CPU
		{7FF22051-65D7-B48B-CC0D-E6960D47E13D}.Release|Any CPU.Build.0 = Release|Any CPU
	EndGlobalSection
	GlobalSection(SolutionProperties) = preSolution
		HideSolutionNode = FALSE
	EndGlobalSection
	GlobalSection(ExtensibilityGlobals) = postSolution
		SolutionGuid = {FEDFD8DC-4A45-4AF1-A8EB-F1A6AC317898}
	EndGlobalSection
EndGlobal
